
Microsoft Visual Studio Solution File, Format Version 12.00
# Visual Studio Version 16
VisualStudioVersion = 16.0.30804.86
MinimumVisualStudioVersion = 10.0.40219.1
Project("{FAE04EC0-301F-11D3-BF4B-00C04F79EFBC}") = "IMT", "IMT\IMT.csproj", "{5C855071-F7BB-4197-A0DF-2CBA43EFAFB6}"
EndProject
Global
	GlobalSection(SolutionConfigurationPlatforms) = preSolution
		Debug|Any CPU = Debug|Any CPU
		Release|Any CPU = Release|Any CPU
	EndGlobalSection
	GlobalSection(ProjectConfigurationPlatforms) = postSolution
		{5C855071-F7BB-4197-A0DF-2CBA43EFAFB6}.Debug|Any CPU.ActiveCfg = Debug|Any CPU
		{5C855071-F7BB-4197-A0DF-2CBA43EFAFB6}.Debug|Any CPU.Build.0 = Debug|Any CPU
		{5C855071-F7BB-4197-A0DF-2CBA43EFAFB6}.Release|Any CPU.ActiveCfg = Release|Any CPU
		{5C855071-F7BB-4197-A0DF-2CBA43EFAFB6}.Release|Any CPU.Build.0 = Release|Any CPU
	EndGlobalSection
	GlobalSection(SolutionProperties) = preSolution
		HideSolutionNode = FALSE
	EndGlobalSection
	GlobalSection(ExtensibilityGlobals) = postSolution
		SolutionGuid = {7E6955B9-B5E0-4F49-8DA9-63C637175DDB}
	EndGlobalSection
EndGlobal
